// !$*UTF8*$!
{
	archiveVersion = 1;
	classes = {
	};
	objectVersion = 48;
	objects = {

/* Begin PBXBuildFile section */
		76F9656F1FB76D9C000C7224 /* AppDelegate.swift in Sources */ = {isa = PBXBuildFile; fileRef = 76F9656E1FB76D9C000C7224 /* AppDelegate.swift */; };
		76F965711FB76D9C000C7224 /* ViewController.swift in Sources */ = {isa = PBXBuildFile; fileRef = 76F965701FB76D9C000C7224 /* ViewController.swift */; };
		76F965741FB76D9C000C7224 /* Main.storyboard in Resources */ = {isa = PBXBuildFile; fileRef = 76F965721FB76D9C000C7224 /* Main.storyboard */; };
		76F965761FB76D9C000C7224 /* Assets.xcassets in Resources */ = {isa = PBXBuildFile; fileRef = 76F965751FB76D9C000C7224 /* Assets.xcassets */; };
		76F965791FB76D9C000C7224 /* LaunchScreen.storyboard in Resources */ = {isa = PBXBuildFile; fileRef = 76F965771FB76D9C000C7224 /* LaunchScreen.storyboard */; };
/* End PBXBuildFile section */

/* Begin PBXFileReference section */
		76F9656B1FB76D9B000C7224 /* tipcalc.app */ = {isa = PBXFileReference; explicitFileType = wrapper.application; includeInIndex = 0; path = tipcalc.app; sourceTree = BUILT_PRODUCTS_DIR; };
		76F9656E1FB76D9C000C7224 /* AppDelegate.swift */ = {isa = PBXFileReference; lastKnownFileType = sourcecode.swift; path = AppDelegate.swift; sourceTree = "<group>"; };
		76F965701FB76D9C000C7224 /* ViewController.swift */ = {isa = PBXFileReference; lastKnownFileType = sourcecode.swift; path = ViewController.swift; sourceTree = "<group>"; };
		76F965731FB76D9C000C7224 /* Base */ = {isa = PBXFileReference; lastKnownFileType = file.storyboard; name = Base; path = Base.lproj/Main.storyboard; sourceTree = "<group>"; };
		76F965751FB76D9C000C7224 /* Assets.xcassets */ = {isa = PBXFileReference; lastKnownFileType = folder.assetcatalog; path = Assets.xcassets; sourceTree = "<group>"; };
		76F965781FB76D9C000C7224 /* Base */ = {isa = PBXFileReference; lastKnownFileType = file.storyboard; name = Base; path = Base.lproj/LaunchScreen.storyboard; sourceTree = "<group>"; };
		76F9657A1FB76D9C000C7224 /* Info.plist */ = {isa = PBXFileReference; lastKnownFileType = text.plist.xml; path = Info.plist; sourceTree = "<group>"; };
/* End PBXFileReference section */

/* Begin PBXFrameworksBuildPhase section */
		76F965681FB76D9B000C7224 /* Frameworks */ = {
			isa = PBXFrameworksBuildPhase;
			buildActionMask = 2147483647;
			files = (
			);
			runOnlyForDeploymentPostprocessing = 0;
		};
/* End PBXFrameworksBuildPhase section */

/* Begin PBXGroup section */
		76F965621FB76D9B000C7224 = {
			isa = PBXGroup;
			children = (
				76F9656D1FB76D9B000C7224 /* tipcalc */,
				76F9656C1FB76D9B000C7224 /* Products */,
			);
			sourceTree = "<group>";
		};
		76F9656C1FB76D9B000C7224 /* Products */ = {
			isa = PBXGroup;
			children = (
				76F9656B1FB76D9B000C7224 /* tipcalc.app */,
			);
			name = Products;
			sourceTree = "<group>";
		};
		76F9656D1FB76D9B000C7224 /* tipcalc */ = {
			isa = PBXGroup;
			children = (
				76F9656E1FB76D9C000C7224 /* AppDelegate.swift */,
				76F965701FB76D9C000C7224 /* ViewController.swift */,
				76F965721FB76D9C000C7224 /* Main.storyboard */,
				76F965751FB76D9C000C7224 /* Assets.xcassets */,
				76F965771FB76D9C000C7224 /* LaunchScreen.storyboard */,
				76F9657A1FB76D9C000C7224 /* Info.plist */,
			);
			path = tipcalc;
			sourceTree = "<group>";
		};
/* End PBXGroup section */

/* Begin PBXNativeTarget section */
		76F9656A1FB76D9B000C7224 /* tipcalc */ = {
			isa = PBXNativeTarget;
			buildConfigurationList = 76F9657D1FB76D9C000C7224 /* Build configuration list for PBXNativeTarget "tipcalc" */;
			buildPhases = (
				76F965671FB76D9B000C7224 /* Sources */,
				76F965681FB76D9B000C7224 /* Frameworks */,
				76F965691FB76D9B000C7224 /* Resources */,
			);
			buildRules = (
			);
			dependencies = (
			);
			name = tipcalc;
			productName = tipcalc;
			productReference = 76F9656B1FB76D9B000C7224 /* tipcalc.app */;
			productType = "com.apple.product-type.application";
		};
/* End PBXNativeTarget section */

/* Begin PBXProject section */
		76F965631FB76D9B000C7224 /* Project object */ = {
			isa = PBXProject;
			attributes = {
				LastSwiftUpdateCheck = 0910;
				LastUpgradeCheck = 0910;
				ORGANIZATIONNAME = "Paul Nguyen";
				TargetAttributes = {
					76F9656A1FB76D9B000C7224 = {
						CreatedOnToolsVersion = 9.1;
						ProvisioningStyle = Automatic;
					};
				};
			};
			buildConfigurationList = 76F965661FB76D9B000C7224 /* Build configuration list for PBXProject "tipcalc" */;
			compatibilityVersion = "Xcode 8.0";
			developmentRegion = en;
			hasScannedForEncodings = 0;
			knownRegions = (
				en,
				Base,
			);
			mainGroup = 76F965621FB76D9B000C7224;
			productRefGroup = 76F9656C1FB76D9B000C7224 /* Products */;
			projectDirPath = "";
			projectRoot = "";
			targets = (
				76F9656A1FB76D9B000C7224 /* tipcalc */,
			);
		};
/* End PBXProject section */

/* Begin PBXResourcesBuildPhase section */
		76F965691FB76D9B000C7224 /* Resources */ = {
			isa = PBXResourcesBuildPhase;
			buildActionMask = 2147483647;
			files = (
				76F965791FB76D9C000C7224 /* LaunchScreen.storyboard in Resources */,
				76F965761FB76D9C000C7224 /* Assets.xcassets in Resources */,
				76F965741FB76D9C000C7224 /* Main.storyboard in Resources */,
			);
			runOnlyForDeploymentPostprocessing = 0;
		};
/* End PBXResourcesBuildPhase section */

/* Begin PBXSourcesBuildPhase section */
		76F965671FB76D9B000C7224 /* Sources */ = {
			isa = PBXSourcesBuildPhase;
			buildActionMask = 2147483647;
			files = (
				76F965711FB76D9C000C7224 /* ViewController.swift in Sources */,
				76F9656F1FB76D9C000C7224 /* AppDelegate.swift in Sources */,
			);
			runOnlyForDeploymentPostprocessing = 0;
		};
/* End PBXSourcesBuildPhase section */

/* Begin PBXVariantGroup section */
		76F965721FB76D9C000C7224 /* Main.storyboard */ = {
			isa = PBXVariantGroup;
			children = (
				76F965731FB76D9C000C7224 /* Base */,
			);
			name = Main.storyboard;
			sourceTree = "<group>";
		};
		76F965771FB76D9C000C7224 /* LaunchScreen.storyboard */ = {
			isa = PBXVariantGroup;
			children = (
				76F965781FB76D9C000C7224 /* Base */,
			);
			name = LaunchScreen.storyboard;
			sourceTree = "<group>";
		};
/* End PBXVariantGroup section */

/* Begin XCBuildConfiguration section */
		76F9657B1FB76D9C000C7224 /* Debug */ = {
			isa = XCBuildConfiguration;
			buildSettings = {
				ALWAYS_SEARCH_USER_PATHS = NO;
				CLANG_ANALYZER_NONNULL = YES;
				CLANG_ANALYZER_NUMBER_OBJECT_CONVERSION = YES_AGGRESSIVE;
				CLANG_CXX_LANGUAGE_STANDARD = "gnu++14";
				CLANG_CXX_LIBRARY = "libc++";
				CLANG_ENABLE_MODULES = YES;
				CLANG_ENABLE_OBJC_ARC = YES;
				CLANG_WARN_BLOCK_CAPTURE_AUTORELEASING = YES;
				CLANG_WARN_BOOL_CONVERSION = YES;
				CLANG_WARN_COMMA = YES;
				CLANG_WARN_CONSTANT_CONVERSION = YES;
				CLANG_WARN_DIRECT_OBJC_ISA_USAGE = YES_ERROR;
				CLANG_WARN_DOCUMENTATION_COMMENTS = YES;
				CLANG_WARN_EMPTY_BODY = YES;
				CLANG_WARN_ENUM_CONVERSION = YES;
				CLANG_WARN_INFINITE_RECURSION = YES;
				CLANG_WARN_INT_CONVERSION = YES;
				CLANG_WARN_NON_LITERAL_NULL_CONVERSION = YES;
				CLANG_WARN_OBJC_LITERAL_CONVERSION = YES;
				CLANG_WARN_OBJC_ROOT_CLASS = YES_ERROR;
				CLANG_WARN_RANGE_LOOP_ANALYSIS = YES;
				CLANG_WARN_STRICT_PROTOTYPES = YES;
				CLANG_WARN_SUSPICIOUS_MOVE = YES;
				CLANG_WARN_UNGUARDED_AVAILABILITY = YES_AGGRESSIVE;
				CLANG_WARN_UNREACHABLE_CODE = YES;
				CLANG_WARN__DUPLICATE_METHOD_MATCH = YES;
				CODE_SIGN_IDENTITY = "iPhone Developer";
				COPY_PHASE_STRIP = NO;
				DEBUG_INFORMATION_FORMAT = dwarf;
				ENABLE_STRICT_OBJC_MSGSEND = YES;
				ENABLE_TESTABILITY = YES;
				GCC_C_LANGUAGE_STANDARD = gnu11;
				GCC_DYNAMIC_NO_PIC = NO;
				GCC_NO_COMMON_BLOCKS = YES;
				GCC_OPTIMIZATION_LEVEL = 0;
				GCC_PREPROCESSOR_DEFINITIONS = (
					"DEBUG=1",
					"$(inherited)",
				);
				GCC_WARN_64_TO_32_BIT_CONVERSION = YES;
				GCC_WARN_ABOUT_RETURN_TYPE = YES_ERROR;
				GCC_WARN_UNDECLARED_SELECTOR = YES;
				GCC_WARN_UNINITIALIZED_AUTOS = YES_AGGRESSIVE;
				GCC_WARN_UNUSED_FUNCTION = YES;
				GCC_WARN_UNUSED_VARIABLE = YES;
				IPHONEOS_DEPLOYMENT_TARGET = 11.1;
				MTL_ENABLE_DEBUG_INFO = YES;
				ONLY_ACTIVE_ARCH = YES;
				SDKROOT = iphoneos;
				SWIFT_ACTIVE_COMPILATION_CONDITIONS = DEBUG;
				SWIFT_OPTIMIZATION_LEVEL = "-Onone";
			};
			name = Debug;
		};
		76F9657C1FB76D9C000C7224 /* Release */ = {
			isa = XCBuildConfiguration;
			buildSettings = {
				ALWAYS_SEARCH_USER_PATHS = NO;
				CLANG_ANALYZER_NONNULL = YES;
				CLANG_ANALYZER_NUMBER_OBJECT_CONVERSION = YES_AGGRESSIVE;
				CLANG_CXX_LANGUAGE_STANDARD = "gnu++14";
				CLANG_CXX_LIBRARY = "libc++";
				CLANG_ENABLE_MODULES = YES;
				CLANG_ENABLE_OBJC_ARC = YES;
				CLANG_WARN_BLOCK_CAPTURE_AUTORELEASING = YES;
				CLANG_WARN_BOOL_CONVERSION = YES;
				CLANG_WARN_COMMA = YES;
				CLANG_WARN_CONSTANT_CONVERSION = YES;
				CLANG_WARN_DIRECT_OBJC_ISA_USAGE = YES_ERROR;
				CLANG_WARN_DOCUMENTATION_COMMENTS = YES;
				CLANG_WARN_EMPTY_BODY = YES;
				CLANG_WARN_ENUM_CONVERSION = YES;
				CLANG_WARN_INFINITE_RECURSION = YES;
				CLANG_WARN_INT_CONVERSION = YES;
				CLANG_WARN_NON_LITERAL_NULL_CONVERSION = YES;
				CLANG_WARN_OBJC_LITERAL_CONVERSION = YES;
				CLANG_WARN_OBJC_ROOT_CLASS = YES_ERROR;
				CLANG_WARN_RANGE_LOOP_ANALYSIS = YES;
				CLANG_WARN_STRICT_PROTOTYPES = YES;
				CLANG_WARN_SUSPICIOUS_MOVE = YES;
				CLANG_WARN_UNGUARDED_AVAILABILITY = YES_AGGRESSIVE;
				CLANG_WARN_UNREACHABLE_CODE = YES;
				CLANG_WARN__DUPLICATE_METHOD_MATCH = YES;
				CODE_SIGN_IDENTITY = "iPhone Developer";
				COPY_PHASE_STRIP = NO;
				DEBUG_INFORMATION_FORMAT = "dwarf-with-dsym";
				ENABLE_NS_ASSERTIONS = NO;
				ENABLE_STRICT_OBJC_MSGSEND = YES;
				GCC_C_LANGUAGE_STANDARD = gnu11;
				GCC_NO_COMMON_BLOCKS = YES;
				GCC_WARN_64_TO_32_BIT_CONVERSION = YES;
				GCC_WARN_ABOUT_RETURN_TYPE = YES_ERROR;
				GCC_WARN_UNDECLARED_SELECTOR = YES;
				GCC_WARN_UNINITIALIZED_AUTOS = YES_AGGRESSIVE;
				GCC_WARN_UNUSED_FUNCTION = YES;
				GCC_WARN_UNUSED_VARIABLE = YES;
				IPHONEOS_DEPLOYMENT_TARGET = 11.1;
				MTL_ENABLE_DEBUG_INFO = NO;
				SDKROOT = iphoneos;
				SWIFT_OPTIMIZATION_LEVEL = "-Owholemodule";
				VALIDATE_PRODUCT = YES;
			};
			name = Release;
		};
		76F9657E1FB76D9C000C7224 /* Debug */ = {
			isa = XCBuildConfiguration;
			buildSettings = {
				ASSETCATALOG_COMPILER_APPICON_NAME = AppIcon;
				CODE_SIGN_STYLE = Automatic;
				DEVELOPMENT_TEAM = 2744BM7UBU;
				INFOPLIST_FILE = tipcalc/Info.plist;
				LD_RUNPATH_SEARCH_PATHS = "$(inherited) @executable_path/Frameworks";
				PRODUCT_BUNDLE_IDENTIFIER = com.paulnguyen.tipcalc;
				PRODUCT_NAME = "$(TARGET_NAME)";
				SWIFT_VERSION = 4.0;
				TARGETED_DEVICE_FAMILY = "1,2";
			};
			name = Debug;
		};
		76F9657F1FB76D9C000C7224 /* Release */ = {
			isa = XCBuildConfiguration;
			buildSettings = {
				ASSETCATALOG_COMPILER_APPICON_NAME = AppIcon;
				CODE_SIGN_STYLE = Automatic;
				DEVELOPMENT_TEAM = 2744BM7UBU;
				INFOPLIST_FILE = tipcalc/Info.plist;
				LD_RUNPATH_SEARCH_PATHS = "$(inherited) @executable_path/Frameworks";
				PRODUCT_BUNDLE_IDENTIFIER = com.paulnguyen.tipcalc;
				PRODUCT_NAME = "$(TARGET_NAME)";
				SWIFT_VERSION = 4.0;
				TARGETED_DEVICE_FAMILY = "1,2";
			};
			name = Release;
		};
/* End XCBuildConfiguration section */

/* Begin XCConfigurationList section */
		76F965661FB76D9B000C7224 /* Build configuration list for PBXProject "tipcalc" */ = {
			isa = XCConfigurationList;
			buildConfigurations = (
				76F9657B1FB76D9C000C7224 /* Debug */,
				76F9657C1FB76D9C000C7224 /* Release */,
			);
			defaultConfigurationIsVisible = 0;
			defaultConfigurationName = Release;
		};
		76F9657D1FB76D9C000C7224 /* Build configuration list for PBXNativeTarget "tipcalc" */ = {
			isa = XCConfigurationList;
			buildConfigurations = (
				76F9657E1FB76D9C000C7224 /* Debug */,
				76F9657F1FB76D9C000C7224 /* Release */,
			);
			defaultConfigurationIsVisible = 0;
			defaultConfigurationName = Release;
		};
/* End XCConfigurationList section */
	};
	rootObject = 76F965631FB76D9B000C7224 /* Project object */;
}
